
Microsoft Visual Studio Solution File, Format Version 12.00
# Visual Studio Version 16
VisualStudioVersion = 16.0.29025.244
MinimumVisualStudioVersion = 10.0.40219.1
Project("{2150E333-8FDC-42A3-9474-1A3956D46DE8}") = "Feature", "Feature", "{1A7A723A-6A2F-4F82-8576-826D56AE375A}"
EndProject
Project("{2150E333-8FDC-42A3-9474-1A3956D46DE8}") = "Foundation", "Foundation", "{498415A6-8F6B-469F-A8D4-A040D2BE8CC6}"
EndProject
Project("{2150E333-8FDC-42A3-9474-1A3956D46DE8}") = "Project", "Project", "{4FDBF983-F8FC-47C5-AD2D-82D9EF447BF6}"
EndProject
Project("{2150E333-8FDC-42A3-9474-1A3956D46DE8}") = "Serialization", "Serialization", "{EA740215-A167-46E6-8A57-750D8F66C0BD}"
EndProject
Project("{FAE04EC0-301F-11D3-BF4B-00C04F79EFBC}") = "Sam.ToolStockSc.Serialization", "Serialization\Sam.ToolStockSc.Serialization\Sam.ToolStockSc.Serialization.csproj", "{58287477-656B-445A-8E7C-44AB2AB225F7}"
EndProject
Project("{FAE04EC0-301F-11D3-BF4B-00C04F79EFBC}") = "Sam.ToolStockSc.Web", "Project\Sam.ToolStockSc.Web\Sam.ToolStockSc.Web.csproj", "{00717596-B764-4D4B-8A83-83D16743860E}"
EndProject
Project("{FAE04EC0-301F-11D3-BF4B-00C04F79EFBC}") = "Sam.Feature.Jumbotron", "Feature\Sam.Feature.Jumbotron\Sam.Feature.Jumbotron\Sam.Feature.Jumbotron.csproj", "{70407514-CD65-4A4F-B65A-55EB38CBDDC8}"
EndProject
Project("{FAE04EC0-301F-11D3-BF4B-00C04F79EFBC}") = "Sam.Foundation.GlassMapper", "Foundation\Sam.Foundation.GlassMapper\Sam.Foundation.GlassMapper.csproj", "{75F5319A-64DA-448C-B1AE-84F3672DD4F8}"
EndProject
Project("{FAE04EC0-301F-11D3-BF4B-00C04F79EFBC}") = "Sam.Feature.Button", "Feature\Sam.Feature.Button\Sam.Feature.Button.csproj", "{8B35B473-590B-456B-822D-6983155A7E47}"
EndProject
Project("{FAE04EC0-301F-11D3-BF4B-00C04F79EFBC}") = "Sam.Feature.LanguageSwitcher", "Feature\Sam.Feature.LanguageSwitcher\Sam.Feature.LanguageSwitcher.csproj", "{2A08AC51-49D2-47A1-8BCA-CD169D7AC3AA}"
EndProject
Project("{FAE04EC0-301F-11D3-BF4B-00C04F79EFBC}") = "Sam.Foundation.LinkManager", "Foundation\Sam.Foundation.LinkManager\Sam.Foundation.LinkManager.csproj", "{33E12D89-B625-4698-B51A-C1B10708EAC5}"
EndProject
Project("{FAE04EC0-301F-11D3-BF4B-00C04F79EFBC}") = "Sam.Foundation.DependencyInjection", "Foundation\Sam.Foundation.DependencyInjection\Sam.Foundation.DependencyInjection.csproj", "{29A9A38E-C973-4A26-BAEB-062B46901C14}"
EndProject
Project("{FAE04EC0-301F-11D3-BF4B-00C04F79EFBC}") = "Sam.Feature.Link", "Feature\Sam.Feature.Link\Sam.Feature.Link.csproj", "{C2B3F1FD-6447-4875-ADA7-247375B88355}"
EndProject
Project("{FAE04EC0-301F-11D3-BF4B-00C04F79EFBC}") = "Sam.Foundation.AutoMapper", "Foundation\Sam.Foundation.AutoMapper\Sam.Foundation.AutoMapper.csproj", "{5DF403E1-11F8-4438-BCB7-FEA401A7594A}"
EndProject
Project("{FAE04EC0-301F-11D3-BF4B-00C04F79EFBC}") = "Sam.Feature.Card", "Feature\Sam.Feature.Card\Sam.Feature.Card.csproj", "{E80110D2-99F1-4558-BACD-293125B57DFF}"
EndProject
Project("{FAE04EC0-301F-11D3-BF4B-00C04F79EFBC}") = "Sam.Feature.UserCard", "Feature\Sam.Feature.UserCard\Sam.Feature.UserCard.csproj", "{BF8A1651-E529-4806-A56D-B9F2F199A24A}"
EndProject
Project("{FAE04EC0-301F-11D3-BF4B-00C04F79EFBC}") = "Sam.Feature.TableCard", "Feature\Sam.Feature.TableCard\Sam.Feature.TableCard.csproj", "{6D8971D3-1584-4C27-8F42-CD008A765E92}"
EndProject
Project("{FAE04EC0-301F-11D3-BF4B-00C04F79EFBC}") = "Sam.Foundation.ErrorHandling", "Foundation\Sam.Foundation.ErrorHandling\Sam.Foundation.ErrorHandling.csproj", "{EFF0625B-96AF-413C-B6AB-DF275BA92A08}"
EndProject
Project("{FAE04EC0-301F-11D3-BF4B-00C04F79EFBC}") = "Sam.Feature.ToolCard", "Feature\Sam.Feature.ToolCard\Sam.Feature.ToolCard.csproj", "{C75BC511-B6AA-4C7B-8CF0-E30F9AEA41F9}"
EndProject
Global
	GlobalSection(SolutionConfigurationPlatforms) = preSolution
		Debug|Any CPU = Debug|Any CPU
		Release|Any CPU = Release|Any CPU
	EndGlobalSection
	GlobalSection(ProjectConfigurationPlatforms) = postSolution
		{58287477-656B-445A-8E7C-44AB2AB225F7}.Debug|Any CPU.ActiveCfg = Debug|Any CPU
		{58287477-656B-445A-8E7C-44AB2AB225F7}.Debug|Any CPU.Build.0 = Debug|Any CPU
		{58287477-656B-445A-8E7C-44AB2AB225F7}.Release|Any CPU.ActiveCfg = Release|Any CPU
		{58287477-656B-445A-8E7C-44AB2AB225F7}.Release|Any CPU.Build.0 = Release|Any CPU
		{00717596-B764-4D4B-8A83-83D16743860E}.Debug|Any CPU.ActiveCfg = Debug|Any CPU
		{00717596-B764-4D4B-8A83-83D16743860E}.Debug|Any CPU.Build.0 = Debug|Any CPU
		{00717596-B764-4D4B-8A83-83D16743860E}.Release|Any CPU.ActiveCfg = Release|Any CPU
		{00717596-B764-4D4B-8A83-83D16743860E}.Release|Any CPU.Build.0 = Release|Any CPU
		{70407514-CD65-4A4F-B65A-55EB38CBDDC8}.Debug|Any CPU.ActiveCfg = Debug|Any CPU
		{70407514-CD65-4A4F-B65A-55EB38CBDDC8}.Debug|Any CPU.Build.0 = Debug|Any CPU
		{70407514-CD65-4A4F-B65A-55EB38CBDDC8}.Release|Any CPU.ActiveCfg = Release|Any CPU
		{70407514-CD65-4A4F-B65A-55EB38CBDDC8}.Release|Any CPU.Build.0 = Release|Any CPU
		{75F5319A-64DA-448C-B1AE-84F3672DD4F8}.Debug|Any CPU.ActiveCfg = Debug|Any CPU
		{75F5319A-64DA-448C-B1AE-84F3672DD4F8}.Debug|Any CPU.Build.0 = Debug|Any CPU
		{75F5319A-64DA-448C-B1AE-84F3672DD4F8}.Release|Any CPU.ActiveCfg = Release|Any CPU
		{75F5319A-64DA-448C-B1AE-84F3672DD4F8}.Release|Any CPU.Build.0 = Release|Any CPU
		{8B35B473-590B-456B-822D-6983155A7E47}.Debug|Any CPU.ActiveCfg = Debug|Any CPU
		{8B35B473-590B-456B-822D-6983155A7E47}.Debug|Any CPU.Build.0 = Debug|Any CPU
		{8B35B473-590B-456B-822D-6983155A7E47}.Release|Any CPU.ActiveCfg = Release|Any CPU
		{8B35B473-590B-456B-822D-6983155A7E47}.Release|Any CPU.Build.0 = Release|Any CPU
		{2A08AC51-49D2-47A1-8BCA-CD169D7AC3AA}.Debug|Any CPU.ActiveCfg = Debug|Any CPU
		{2A08AC51-49D2-47A1-8BCA-CD169D7AC3AA}.Debug|Any CPU.Build.0 = Debug|Any CPU
		{2A08AC51-49D2-47A1-8BCA-CD169D7AC3AA}.Release|Any CPU.ActiveCfg = Release|Any CPU
		{2A08AC51-49D2-47A1-8BCA-CD169D7AC3AA}.Release|Any CPU.Build.0 = Release|Any CPU
		{33E12D89-B625-4698-B51A-C1B10708EAC5}.Debug|Any CPU.ActiveCfg = Debug|Any CPU
		{33E12D89-B625-4698-B51A-C1B10708EAC5}.Debug|Any CPU.Build.0 = Debug|Any CPU
		{33E12D89-B625-4698-B51A-C1B10708EAC5}.Release|Any CPU.ActiveCfg = Release|Any CPU
		{33E12D89-B625-4698-B51A-C1B10708EAC5}.Release|Any CPU.Build.0 = Release|Any CPU
		{29A9A38E-C973-4A26-BAEB-062B46901C14}.Debug|Any CPU.ActiveCfg = Debug|Any CPU
		{29A9A38E-C973-4A26-BAEB-062B46901C14}.Debug|Any CPU.Build.0 = Debug|Any CPU
		{29A9A38E-C973-4A26-BAEB-062B46901C14}.Release|Any CPU.ActiveCfg = Release|Any CPU
		{29A9A38E-C973-4A26-BAEB-062B46901C14}.Release|Any CPU.Build.0 = Release|Any CPU
		{C2B3F1FD-6447-4875-ADA7-247375B88355}.Debug|Any CPU.ActiveCfg = Debug|Any CPU
		{C2B3F1FD-6447-4875-ADA7-247375B88355}.Debug|Any CPU.Build.0 = Debug|Any CPU
		{C2B3F1FD-6447-4875-ADA7-247375B88355}.Release|Any CPU.ActiveCfg = Release|Any CPU
		{C2B3F1FD-6447-4875-ADA7-247375B88355}.Release|Any CPU.Build.0 = Release|Any CPU
		{5DF403E1-11F8-4438-BCB7-FEA401A7594A}.Debug|Any CPU.ActiveCfg = Debug|Any CPU
		{5DF403E1-11F8-4438-BCB7-FEA401A7594A}.Debug|Any CPU.Build.0 = Debug|Any CPU
		{5DF403E1-11F8-4438-BCB7-FEA401A7594A}.Release|Any CPU.ActiveCfg = Release|Any CPU
		{5DF403E1-11F8-4438-BCB7-FEA401A7594A}.Release|Any CPU.Build.0 = Release|Any CPU
		{E80110D2-99F1-4558-BACD-293125B57DFF}.Debug|Any CPU.ActiveCfg = Debug|Any CPU
		{E80110D2-99F1-4558-BACD-293125B57DFF}.Debug|Any CPU.Build.0 = Debug|Any CPU
		{E80110D2-99F1-4558-BACD-293125B57DFF}.Release|Any CPU.ActiveCfg = Release|Any CPU
		{E80110D2-99F1-4558-BACD-293125B57DFF}.Release|Any CPU.Build.0 = Release|Any CPU
		{BF8A1651-E529-4806-A56D-B9F2F199A24A}.Debug|Any CPU.ActiveCfg = Debug|Any CPU
		{BF8A1651-E529-4806-A56D-B9F2F199A24A}.Debug|Any CPU.Build.0 = Debug|Any CPU
		{BF8A1651-E529-4806-A56D-B9F2F199A24A}.Release|Any CPU.ActiveCfg = Release|Any CPU
		{BF8A1651-E529-4806-A56D-B9F2F199A24A}.Release|Any CPU.Build.0 = Release|Any CPU
		{6D8971D3-1584-4C27-8F42-CD008A765E92}.Debug|Any CPU.ActiveCfg = Debug|Any CPU
		{6D8971D3-1584-4C27-8F42-CD008A765E92}.Debug|Any CPU.Build.0 = Debug|Any CPU
		{6D8971D3-1584-4C27-8F42-CD008A765E92}.Release|Any CPU.ActiveCfg = Release|Any CPU
		{6D8971D3-1584-4C27-8F42-CD008A765E92}.Release|Any CPU.Build.0 = Release|Any CPU
		{EFF0625B-96AF-413C-B6AB-DF275BA92A08}.Debug|Any CPU.ActiveCfg = Debug|Any CPU
		{EFF0625B-96AF-413C-B6AB-DF275BA92A08}.Debug|Any CPU.Build.0 = Debug|Any CPU
		{EFF0625B-96AF-413C-B6AB-DF275BA92A08}.Release|Any CPU.ActiveCfg = Release|Any CPU
		{EFF0625B-96AF-413C-B6AB-DF275BA92A08}.Release|Any CPU.Build.0 = Release|Any CPU
		{C75BC511-B6AA-4C7B-8CF0-E30F9AEA41F9}.Debug|Any CPU.ActiveCfg = Debug|Any CPU
		{C75BC511-B6AA-4C7B-8CF0-E30F9AEA41F9}.Debug|Any CPU.Build.0 = Debug|Any CPU
		{C75BC511-B6AA-4C7B-8CF0-E30F9AEA41F9}.Release|Any CPU.ActiveCfg = Release|Any CPU
		{C75BC511-B6AA-4C7B-8CF0-E30F9AEA41F9}.Release|Any CPU.Build.0 = Release|Any CPU
	EndGlobalSection
	GlobalSection(SolutionProperties) = preSolution
		HideSolutionNode = FALSE
	EndGlobalSection
	GlobalSection(NestedProjects) = preSolution
		{58287477-656B-445A-8E7C-44AB2AB225F7} = {EA740215-A167-46E6-8A57-750D8F66C0BD}
		{00717596-B764-4D4B-8A83-83D16743860E} = {4FDBF983-F8FC-47C5-AD2D-82D9EF447BF6}
		{70407514-CD65-4A4F-B65A-55EB38CBDDC8} = {1A7A723A-6A2F-4F82-8576-826D56AE375A}
		{75F5319A-64DA-448C-B1AE-84F3672DD4F8} = {498415A6-8F6B-469F-A8D4-A040D2BE8CC6}
		{8B35B473-590B-456B-822D-6983155A7E47} = {1A7A723A-6A2F-4F82-8576-826D56AE375A}
		{2A08AC51-49D2-47A1-8BCA-CD169D7AC3AA} = {1A7A723A-6A2F-4F82-8576-826D56AE375A}
		{33E12D89-B625-4698-B51A-C1B10708EAC5} = {498415A6-8F6B-469F-A8D4-A040D2BE8CC6}
		{29A9A38E-C973-4A26-BAEB-062B46901C14} = {498415A6-8F6B-469F-A8D4-A040D2BE8CC6}
		{C2B3F1FD-6447-4875-ADA7-247375B88355} = {1A7A723A-6A2F-4F82-8576-826D56AE375A}
		{5DF403E1-11F8-4438-BCB7-FEA401A7594A} = {498415A6-8F6B-469F-A8D4-A040D2BE8CC6}
		{E80110D2-99F1-4558-BACD-293125B57DFF} = {1A7A723A-6A2F-4F82-8576-826D56AE375A}
		{BF8A1651-E529-4806-A56D-B9F2F199A24A} = {1A7A723A-6A2F-4F82-8576-826D56AE375A}
		{6D8971D3-1584-4C27-8F42-CD008A765E92} = {1A7A723A-6A2F-4F82-8576-826D56AE375A}
		{EFF0625B-96AF-413C-B6AB-DF275BA92A08} = {498415A6-8F6B-469F-A8D4-A040D2BE8CC6}
		{C75BC511-B6AA-4C7B-8CF0-E30F9AEA41F9} = {1A7A723A-6A2F-4F82-8576-826D56AE375A}
	EndGlobalSection
	GlobalSection(ExtensibilityGlobals) = postSolution
		EnterpriseLibraryConfigurationToolBinariesPathV6 = packages\EnterpriseLibrary.Common.6.0.1304.0\lib\NET45;packages\EnterpriseLibrary.TransientFaultHandling.6.0.1304.0\lib\portable-net45+win+wp8;packages\EnterpriseLibrary.TransientFaultHandling.Caching.6.0.1304.0\lib\NET45;packages\EnterpriseLibrary.TransientFaultHandling.Data.6.0.1304.1\lib\NET45;packages\EnterpriseLibrary.TransientFaultHandling.ServiceBus.6.0.1304.0\lib\NET45;packages\EnterpriseLibrary.TransientFaultHandling.WindowsAzure.Storage.6.0.1304.0\lib\NET45;packages\EnterpriseLibrary.TransientFaultHandling.Configuration.6.0.1304.0\lib\NET45
		SolutionGuid = {088D6877-EF07-41B9-8014-0EA20789253A}
	EndGlobalSection
EndGlobal
